# This file is automatically @generated by Poetry 2.0.1 and should not be changed by hand.

[[package]]
name = "robotframework"
version = "7.2"
description = "Generic automation framework for acceptance testing and robotic process automation (RPA)"
optional = false
python-versions = ">=3.8"
groups = ["main"]
files = [
    {file = "robotframework-7.2-py3-none-any.whl", hash = "sha256:0b1caeb40be3d8c5fd4eb9303b221e384aa98f87f665bd66e6de8d7170d8a3c7"},
    {file = "robotframework-7.2.tar.gz", hash = "sha256:9fc77d40283c26690bbc1563fb7fcadac789afe8695d332ced3fa4696df39eb9"},
]

[metadata]
lock-version = "2.1"
python-versions = ">=3.12"
content-hash = "16fea721997b59389217327ec4ca50a4f5931e08a7fcccf2ca5cc6f19a3c322c"
